
Microsoft Visual Studio Solution File, Format Version 12.00
# Visual Studio Version 17
VisualStudioVersion = 17.13.35806.99 d17.13
MinimumVisualStudioVersion = 10.0.40219.1
Project("{FAE04EC0-301F-11D3-BF4B-00C04F79EFBC}") = "lambda", "lambda.csproj", "{20A32154-6771-4F25-99AA-EED2145C8FBD}"
EndProject
Global
	GlobalSection(SolutionConfigurationPlatforms) = preSolution
		Debug|Any CPU = Debug|Any CPU
		Release|Any CPU = Release|Any CPU
	EndGlobalSection
	GlobalSection(ProjectConfigurationPlatforms) = postSolution
		{20A32154-6771-4F25-99AA-EED2145C8FBD}.Debug|Any CPU.ActiveCfg = Debug|Any CPU
		{20A32154-6771-4F25-99AA-EED2145C8FBD}.Debug|Any CPU.Build.0 = Debug|Any CPU
		{20A32154-6771-4F25-99AA-EED2145C8FBD}.Release|Any CPU.ActiveCfg = Release|Any CPU
		{20A32154-6771-4F25-99AA-EED2145C8FBD}.Release|Any CPU.Build.0 = Release|Any CPU
	EndGlobalSection
	GlobalSection(SolutionProperties) = preSolution
		HideSolutionNode = FALSE
	EndGlobalSection
	GlobalSection(ExtensibilityGlobals) = postSolution
		SolutionGuid = {6CAE9644-F095-4077-BE54-7E3A099234C1}
	EndGlobalSection
EndGlobal
