
Microsoft Visual Studio Solution File, Format Version 12.00
# Visual Studio Version 17
VisualStudioVersion = 17.13.35806.99 d17.13
MinimumVisualStudioVersion = 10.0.40219.1
Project("{FAE04EC0-301F-11D3-BF4B-00C04F79EFBC}") = "Bt_Join", "Bt_Join.csproj", "{3FCBB45C-08A1-49E2-ABC2-447E0147251D}"
EndProject
Global
	GlobalSection(SolutionConfigurationPlatforms) = preSolution
		Debug|Any CPU = Debug|Any CPU
		Release|Any CPU = Release|Any CPU
	EndGlobalSection
	GlobalSection(ProjectConfigurationPlatforms) = postSolution
		{3FCBB45C-08A1-49E2-ABC2-447E0147251D}.Debug|Any CPU.ActiveCfg = Debug|Any CPU
		{3FCBB45C-08A1-49E2-ABC2-447E0147251D}.Debug|Any CPU.Build.0 = Debug|Any CPU
		{3FCBB45C-08A1-49E2-ABC2-447E0147251D}.Release|Any CPU.ActiveCfg = Release|Any CPU
		{3FCBB45C-08A1-49E2-ABC2-447E0147251D}.Release|Any CPU.Build.0 = Release|Any CPU
	EndGlobalSection
	GlobalSection(SolutionProperties) = preSolution
		HideSolutionNode = FALSE
	EndGlobalSection
	GlobalSection(ExtensibilityGlobals) = postSolution
		SolutionGuid = {AAD62742-23DB-4E96-B9E4-7435C8BB6452}
	EndGlobalSection
EndGlobal
